<?xml version="1.0" encoding="utf-8"?>
<Project ToolsVersion="4.0" xmlns="http://schemas.microsoft.com/developer/msbuild/2003">
  <ItemGroup>
    <Filter Include="headers">
      <UniqueIdentifier>{93995380-89BD-4b04-88EB-625FBE52EBFB}</UniqueIdentifier>
      <Extensions>h;hh;hpp;hxx;h++;hm;inl;inc;ipp;xsd</Extensions>
    </Filter>
    <Filter Include="sources">
      <UniqueIdentifier>{4FC737F1-C7A5-4376-A066-2A32D752A2FF}</UniqueIdentifier>
      <Extensions>cpp;c;cc;cxx;c++;cppm;ixx;def;odl;idl;hpj;bat;asm;asmx</Extensions>
    </Filter>
    <Filter Include="headers\plugin">
      <UniqueIdentifier>{fe66e975-5d23-438e-aac7-e8705017021e}</UniqueIdentifier>
    </Filter>
    <Filter Include="headers\utils">
      <UniqueIdentifier>{ac032606-6680-4114-9a48-b72473ec10d8}</UniqueIdentifier>
    </Filter>
  </ItemGroup>
  <ItemGroup>
    <None Include="README.md" />
    <None Include="LICENSE" />
  </ItemGroup>
  <ItemGroup>
    <ClInclude Include="headers\swpsdk\defines.hpp">
      <Filter>headers</Filter>
    </ClInclude>
    <ClInclude Include="headers\swpsdk\version.hpp">
      <Filter>headers</Filter>
    </ClInclude>
    <ClInclude Include="headers\swpsdk\plugin\attach.hpp">
      <Filter>headers\plugin</Filter>
    </ClInclude>
    <ClInclude Include="headers\swpsdk\plugin\base.hpp">
      <Filter>headers\plugin</Filter>
    </ClInclude>
    <ClInclude Include="headers\swpsdk\plugin\callback.hpp">
      <Filter>headers\plugin</Filter>
    </ClInclude>
    <ClInclude Include="headers\swpsdk\plugin\info.hpp">
      <Filter>headers\plugin</Filter>
    </ClInclude>
    <ClInclude Include="headers\swpsdk\plugin\loader.hpp">
      <Filter>headers\plugin</Filter>
    </ClInclude>
    <ClInclude Include="headers\swpsdk\utils\spdlog_formatter.hpp">
      <Filter>headers\utils</Filter>
    </ClInclude>
    <ClInclude Include="headers\swpsdk\utils\memory.hpp">
      <Filter>headers\utils</Filter>
    </ClInclude>
  </ItemGroup>
  <ItemGroup>
    <ClCompile Include="sources\version.cpp">
      <Filter>sources</Filter>
    </ClCompile>
  </ItemGroup>
</Project>